
Microsoft Visual Studio Solution File, Format Version 12.00
# Visual Studio Version 16
VisualStudioVersion = 16.0.30114.105
MinimumVisualStudioVersion = 10.0.40219.1
Project("{FAE04EC0-301F-11D3-BF4B-00C04F79EFBC}") = "BankApp", "BankApp.csproj", "{358C8A42-434D-4F99-804B-8D0FB14C7258}"
EndProject
Global
	GlobalSection(SolutionConfigurationPlatforms) = preSolution
		Debug|Any CPU = Debug|Any CPU
		Release|Any CPU = Release|Any CPU
	EndGlobalSection
	GlobalSection(ProjectConfigurationPlatforms) = postSolution
		{358C8A42-434D-4F99-804B-8D0FB14C7258}.Debug|Any CPU.ActiveCfg = Debug|Any CPU
		{358C8A42-434D-4F99-804B-8D0FB14C7258}.Debug|Any CPU.Build.0 = Debug|Any CPU
		{358C8A42-434D-4F99-804B-8D0FB14C7258}.Release|Any CPU.ActiveCfg = Release|Any CPU
		{358C8A42-434D-4F99-804B-8D0FB14C7258}.Release|Any CPU.Build.0 = Release|Any CPU
	EndGlobalSection
	GlobalSection(SolutionProperties) = preSolution
		HideSolutionNode = FALSE
	EndGlobalSection
	GlobalSection(ExtensibilityGlobals) = postSolution
		SolutionGuid = {C137E3BB-D567-4A26-9EFA-615A2344DD05}
	EndGlobalSection
EndGlobal
